{
  "object": {
    "pins": [
      {
        "package": "NWWebSocket",
        "repositoryURL": "https://github.com/pusher/NWWebSocket.git",
        "state": {
          "branch": null,
          "revision": "9d24ae0832dc161502a20a2480c782ece4f8335b",
          "version": "0.5.8"
        }
      },
      {
        "package": "TweetNacl",
        "repositoryURL": "https://github.com/bitmark-inc/tweetnacl-swiftwrap",
        "state": {
          "branch": null,
          "revision": "f8fd111642bf2336b11ef9ea828510693106e954",
          "version": "1.1.0"
        }
      }
    ]
  },
  "version": 1
}
