{
  "object": {
    "pins": [
      {
        "package": "NWWebSocket",
        "repositoryURL": "https://github.com/pusher/NWWebSocket.git",
        "state": {
          "branch": null,
          "revision": "501c6bd6063628e1d50661a3742311d812ba6546",
          "version": "0.5.9"
        }
      },
      {
        "package": "TweetNacl",
        "repositoryURL": "https://github.com/pusher/tweetnacl-swiftwrap",
        "state": {
          "branch": null,
          "revision": "92375f83c3af1b8af011d3c0af1001929844b936",
          "version": "1.2.0"
        }
      }
    ]
  },
  "version": 1
}
