PODS:
  - CryptoSwift (0.0.14)
  - Nimble (2.0.0-rc.3)
  - PusherSwift (0.1.1):
    - CryptoSwift (~> 0.0.14)
    - ReachabilitySwift (~> 2.0)
    - Starscream (~> 1.0.0)
  - Quick (0.6.0)
  - ReachabilitySwift (2.0)
  - Starscream (1.0.0)

DEPENDENCIES:
  - CryptoSwift (~> 0.0.14)
  - Nimble (= 2.0.0-rc.3)
  - PusherSwift (from `./`)
  - Quick (from `https://github.com/Quick/Quick.git`, branch `swift-2.0`)
  - ReachabilitySwift (~> 2.0)
  - Starscream (~> 1.0.0)

EXTERNAL SOURCES:
  PusherSwift:
    :path: "./"
  Quick:
    :branch: swift-2.0
    :git: https://github.com/Quick/Quick.git

CHECKOUT OPTIONS:
  Quick:
    :commit: 93408cc119d5b8a65a26ef0382f5790dd5d7dc01
    :git: https://github.com/Quick/Quick.git

SPEC CHECKSUMS:
  CryptoSwift: 5a6b725e2ad65a789f5f435dd434d38eb2c40b46
  Nimble: 9dff98ee195ffe7351d3b2fb01d3a1420fd97948
  PusherSwift: 72ce7d75ea235a3e81ee62b025a187d03fa82d7f
  Quick: aaa961333f0bec39bfefa4b759128e4eb39f0d0e
  ReachabilitySwift: 227b98ae7ec99e1c01148b17fb22357aa91a5675
  Starscream: 24012f5dc21c634b66e2270b1bb95771b5316d5b

COCOAPODS: 0.38.2
