// !$*UTF8*$!
{
	archiveVersion = 1;
	classes = {
	};
	objectVersion = 46;
	objects = {

/* Begin PBXBuildFile section */
		33F6EF791DD378C1005E85D2 /* PusherSwift.framework in Frameworks */ = {isa = PBXBuildFile; fileRef = 33F6EF781DD378C1005E85D2 /* PusherSwift.framework */; };
		33F6EF7A1DD378C1005E85D2 /* PusherSwift.framework in Embed Frameworks */ = {isa = PBXBuildFile; fileRef = 33F6EF781DD378C1005E85D2 /* PusherSwift.framework */; settings = {ATTRIBUTES = (CodeSignOnCopy, RemoveHeadersOnCopy, ); }; };
		FD4E1EA31DBA7CC3007BD0A2 /* AppDelegate.swift in Sources */ = {isa = PBXBuildFile; fileRef = FD4E1EA21DBA7CC3007BD0A2 /* AppDelegate.swift */; };
		FD4E1EA51DBA7CC3007BD0A2 /* ViewController.swift in Sources */ = {isa = PBXBuildFile; fileRef = FD4E1EA41DBA7CC3007BD0A2 /* ViewController.swift */; };
		FD4E1EA71DBA7CC3007BD0A2 /* Assets.xcassets in Resources */ = {isa = PBXBuildFile; fileRef = FD4E1EA61DBA7CC3007BD0A2 /* Assets.xcassets */; };
		FD4E1EAA1DBA7CC3007BD0A2 /* Main.storyboard in Resources */ = {isa = PBXBuildFile; fileRef = FD4E1EA81DBA7CC3007BD0A2 /* Main.storyboard */; };
/* End PBXBuildFile section */

/* Begin PBXCopyFilesBuildPhase section */
		33F6EF7B1DD378C2005E85D2 /* Embed Frameworks */ = {
			isa = PBXCopyFilesBuildPhase;
			buildActionMask = 2147483647;
			dstPath = "";
			dstSubfolderSpec = 10;
			files = (
				33F6EF7A1DD378C1005E85D2 /* PusherSwift.framework in Embed Frameworks */,
			);
			name = "Embed Frameworks";
			runOnlyForDeploymentPostprocessing = 0;
		};
/* End PBXCopyFilesBuildPhase section */

/* Begin PBXFileReference section */
		33F6EF781DD378C1005E85D2 /* PusherSwift.framework */ = {isa = PBXFileReference; explicitFileType = wrapper.framework; path = PusherSwift.framework; sourceTree = BUILT_PRODUCTS_DIR; };
		33F6EF7D1DD37908005E85D2 /* macOS Example Swift.entitlements */ = {isa = PBXFileReference; lastKnownFileType = text.plist.entitlements; path = "macOS Example Swift.entitlements"; sourceTree = "<group>"; };
		FD4E1E9F1DBA7CC3007BD0A2 /* macOS Example Swift.app */ = {isa = PBXFileReference; explicitFileType = wrapper.application; includeInIndex = 0; path = "macOS Example Swift.app"; sourceTree = BUILT_PRODUCTS_DIR; };
		FD4E1EA21DBA7CC3007BD0A2 /* AppDelegate.swift */ = {isa = PBXFileReference; lastKnownFileType = sourcecode.swift; path = AppDelegate.swift; sourceTree = "<group>"; };
		FD4E1EA41DBA7CC3007BD0A2 /* ViewController.swift */ = {isa = PBXFileReference; lastKnownFileType = sourcecode.swift; path = ViewController.swift; sourceTree = "<group>"; };
		FD4E1EA61DBA7CC3007BD0A2 /* Assets.xcassets */ = {isa = PBXFileReference; lastKnownFileType = folder.assetcatalog; path = Assets.xcassets; sourceTree = "<group>"; };
		FD4E1EA91DBA7CC3007BD0A2 /* Base */ = {isa = PBXFileReference; lastKnownFileType = file.storyboard; name = Base; path = Base.lproj/Main.storyboard; sourceTree = "<group>"; };
		FD4E1EAB1DBA7CC3007BD0A2 /* Info.plist */ = {isa = PBXFileReference; lastKnownFileType = text.plist.xml; path = Info.plist; sourceTree = "<group>"; };
/* End PBXFileReference section */

/* Begin PBXFrameworksBuildPhase section */
		FD4E1E9C1DBA7CC3007BD0A2 /* Frameworks */ = {
			isa = PBXFrameworksBuildPhase;
			buildActionMask = 2147483647;
			files = (
				33F6EF791DD378C1005E85D2 /* PusherSwift.framework in Frameworks */,
			);
			runOnlyForDeploymentPostprocessing = 0;
		};
/* End PBXFrameworksBuildPhase section */

/* Begin PBXGroup section */
		33F6EF7C1DD378CB005E85D2 /* Frameworks */ = {
			isa = PBXGroup;
			children = (
				33F6EF781DD378C1005E85D2 /* PusherSwift.framework */,
			);
			name = Frameworks;
			sourceTree = "<group>";
		};
		FD4E1E961DBA7CC3007BD0A2 = {
			isa = PBXGroup;
			children = (
				FD4E1EA11DBA7CC3007BD0A2 /* macOS Example Swift */,
				FD4E1EA01DBA7CC3007BD0A2 /* Products */,
				33F6EF7C1DD378CB005E85D2 /* Frameworks */,
			);
			sourceTree = "<group>";
		};
		FD4E1EA01DBA7CC3007BD0A2 /* Products */ = {
			isa = PBXGroup;
			children = (
				FD4E1E9F1DBA7CC3007BD0A2 /* macOS Example Swift.app */,
			);
			name = Products;
			sourceTree = "<group>";
		};
		FD4E1EA11DBA7CC3007BD0A2 /* macOS Example Swift */ = {
			isa = PBXGroup;
			children = (
				33F6EF7D1DD37908005E85D2 /* macOS Example Swift.entitlements */,
				FD4E1EA21DBA7CC3007BD0A2 /* AppDelegate.swift */,
				FD4E1EA41DBA7CC3007BD0A2 /* ViewController.swift */,
				FD4E1EA61DBA7CC3007BD0A2 /* Assets.xcassets */,
				FD4E1EA81DBA7CC3007BD0A2 /* Main.storyboard */,
				FD4E1EAB1DBA7CC3007BD0A2 /* Info.plist */,
			);
			path = "macOS Example Swift";
			sourceTree = "<group>";
		};
/* End PBXGroup section */

/* Begin PBXNativeTarget section */
		FD4E1E9E1DBA7CC3007BD0A2 /* macOS Example Swift */ = {
			isa = PBXNativeTarget;
			buildConfigurationList = FD4E1EAE1DBA7CC3007BD0A2 /* Build configuration list for PBXNativeTarget "macOS Example Swift" */;
			buildPhases = (
				FD4E1E9B1DBA7CC3007BD0A2 /* Sources */,
				FD4E1E9C1DBA7CC3007BD0A2 /* Frameworks */,
				FD4E1E9D1DBA7CC3007BD0A2 /* Resources */,
				33F6EF7B1DD378C2005E85D2 /* Embed Frameworks */,
			);
			buildRules = (
			);
			dependencies = (
			);
			name = "macOS Example Swift";
			productName = "macOS Example Swift";
			productReference = FD4E1E9F1DBA7CC3007BD0A2 /* macOS Example Swift.app */;
			productType = "com.apple.product-type.application";
		};
/* End PBXNativeTarget section */

/* Begin PBXProject section */
		FD4E1E971DBA7CC3007BD0A2 /* Project object */ = {
			isa = PBXProject;
			attributes = {
				LastSwiftUpdateCheck = 0800;
				LastUpgradeCheck = 0820;
				ORGANIZATIONNAME = Pusher;
				TargetAttributes = {
					FD4E1E9E1DBA7CC3007BD0A2 = {
						CreatedOnToolsVersion = 8.0;
						DevelopmentTeam = H7FL434D9W;
						ProvisioningStyle = Automatic;
						SystemCapabilities = {
							com.apple.Push = {
								enabled = 1;
							};
						};
					};
				};
			};
			buildConfigurationList = FD4E1E9A1DBA7CC3007BD0A2 /* Build configuration list for PBXProject "macOS Example Swift" */;
			compatibilityVersion = "Xcode 3.2";
			developmentRegion = English;
			hasScannedForEncodings = 0;
			knownRegions = (
				en,
				Base,
			);
			mainGroup = FD4E1E961DBA7CC3007BD0A2;
			productRefGroup = FD4E1EA01DBA7CC3007BD0A2 /* Products */;
			projectDirPath = "";
			projectRoot = "";
			targets = (
				FD4E1E9E1DBA7CC3007BD0A2 /* macOS Example Swift */,
			);
		};
/* End PBXProject section */

/* Begin PBXResourcesBuildPhase section */
		FD4E1E9D1DBA7CC3007BD0A2 /* Resources */ = {
			isa = PBXResourcesBuildPhase;
			buildActionMask = 2147483647;
			files = (
				FD4E1EA71DBA7CC3007BD0A2 /* Assets.xcassets in Resources */,
				FD4E1EAA1DBA7CC3007BD0A2 /* Main.storyboard in Resources */,
			);
			runOnlyForDeploymentPostprocessing = 0;
		};
/* End PBXResourcesBuildPhase section */

/* Begin PBXSourcesBuildPhase section */
		FD4E1E9B1DBA7CC3007BD0A2 /* Sources */ = {
			isa = PBXSourcesBuildPhase;
			buildActionMask = 2147483647;
			files = (
				FD4E1EA51DBA7CC3007BD0A2 /* ViewController.swift in Sources */,
				FD4E1EA31DBA7CC3007BD0A2 /* AppDelegate.swift in Sources */,
			);
			runOnlyForDeploymentPostprocessing = 0;
		};
/* End PBXSourcesBuildPhase section */

/* Begin PBXVariantGroup section */
		FD4E1EA81DBA7CC3007BD0A2 /* Main.storyboard */ = {
			isa = PBXVariantGroup;
			children = (
				FD4E1EA91DBA7CC3007BD0A2 /* Base */,
			);
			name = Main.storyboard;
			sourceTree = "<group>";
		};
/* End PBXVariantGroup section */

/* Begin XCBuildConfiguration section */
		FD4E1EAC1DBA7CC3007BD0A2 /* Debug */ = {
			isa = XCBuildConfiguration;
			buildSettings = {
				ALWAYS_SEARCH_USER_PATHS = NO;
				CLANG_ANALYZER_NONNULL = YES;
				CLANG_CXX_LANGUAGE_STANDARD = "gnu++0x";
				CLANG_CXX_LIBRARY = "libc++";
				CLANG_ENABLE_MODULES = YES;
				CLANG_ENABLE_OBJC_ARC = YES;
				CLANG_WARN_BOOL_CONVERSION = YES;
				CLANG_WARN_CONSTANT_CONVERSION = YES;
				CLANG_WARN_DIRECT_OBJC_ISA_USAGE = YES_ERROR;
				CLANG_WARN_DOCUMENTATION_COMMENTS = YES;
				CLANG_WARN_EMPTY_BODY = YES;
				CLANG_WARN_ENUM_CONVERSION = YES;
				CLANG_WARN_INFINITE_RECURSION = YES;
				CLANG_WARN_INT_CONVERSION = YES;
				CLANG_WARN_OBJC_ROOT_CLASS = YES_ERROR;
				CLANG_WARN_SUSPICIOUS_MOVE = YES;
				CLANG_WARN_SUSPICIOUS_MOVES = YES;
				CLANG_WARN_UNREACHABLE_CODE = YES;
				CLANG_WARN__DUPLICATE_METHOD_MATCH = YES;
				CODE_SIGN_IDENTITY = "-";
				COPY_PHASE_STRIP = NO;
				DEBUG_INFORMATION_FORMAT = dwarf;
				ENABLE_STRICT_OBJC_MSGSEND = YES;
				ENABLE_TESTABILITY = YES;
				GCC_C_LANGUAGE_STANDARD = gnu99;
				GCC_DYNAMIC_NO_PIC = NO;
				GCC_NO_COMMON_BLOCKS = YES;
				GCC_OPTIMIZATION_LEVEL = 0;
				GCC_PREPROCESSOR_DEFINITIONS = (
					"DEBUG=1",
					"$(inherited)",
				);
				GCC_WARN_64_TO_32_BIT_CONVERSION = YES;
				GCC_WARN_ABOUT_RETURN_TYPE = YES_ERROR;
				GCC_WARN_UNDECLARED_SELECTOR = YES;
				GCC_WARN_UNINITIALIZED_AUTOS = YES_AGGRESSIVE;
				GCC_WARN_UNUSED_FUNCTION = YES;
				GCC_WARN_UNUSED_VARIABLE = YES;
				MACOSX_DEPLOYMENT_TARGET = 10.12;
				MTL_ENABLE_DEBUG_INFO = YES;
				ONLY_ACTIVE_ARCH = YES;
				SDKROOT = macosx;
				SWIFT_ACTIVE_COMPILATION_CONDITIONS = DEBUG;
				SWIFT_OPTIMIZATION_LEVEL = "-Onone";
			};
			name = Debug;
		};
		FD4E1EAD1DBA7CC3007BD0A2 /* Release */ = {
			isa = XCBuildConfiguration;
			buildSettings = {
				ALWAYS_SEARCH_USER_PATHS = NO;
				CLANG_ANALYZER_NONNULL = YES;
				CLANG_CXX_LANGUAGE_STANDARD = "gnu++0x";
				CLANG_CXX_LIBRARY = "libc++";
				CLANG_ENABLE_MODULES = YES;
				CLANG_ENABLE_OBJC_ARC = YES;
				CLANG_WARN_BOOL_CONVERSION = YES;
				CLANG_WARN_CONSTANT_CONVERSION = YES;
				CLANG_WARN_DIRECT_OBJC_ISA_USAGE = YES_ERROR;
				CLANG_WARN_DOCUMENTATION_COMMENTS = YES;
				CLANG_WARN_EMPTY_BODY = YES;
				CLANG_WARN_ENUM_CONVERSION = YES;
				CLANG_WARN_INFINITE_RECURSION = YES;
				CLANG_WARN_INT_CONVERSION = YES;
				CLANG_WARN_OBJC_ROOT_CLASS = YES_ERROR;
				CLANG_WARN_SUSPICIOUS_MOVE = YES;
				CLANG_WARN_SUSPICIOUS_MOVES = YES;
				CLANG_WARN_UNREACHABLE_CODE = YES;
				CLANG_WARN__DUPLICATE_METHOD_MATCH = YES;
				CODE_SIGN_IDENTITY = "-";
				COPY_PHASE_STRIP = NO;
				DEBUG_INFORMATION_FORMAT = "dwarf-with-dsym";
				ENABLE_NS_ASSERTIONS = NO;
				ENABLE_STRICT_OBJC_MSGSEND = YES;
				GCC_C_LANGUAGE_STANDARD = gnu99;
				GCC_NO_COMMON_BLOCKS = YES;
				GCC_WARN_64_TO_32_BIT_CONVERSION = YES;
				GCC_WARN_ABOUT_RETURN_TYPE = YES_ERROR;
				GCC_WARN_UNDECLARED_SELECTOR = YES;
				GCC_WARN_UNINITIALIZED_AUTOS = YES_AGGRESSIVE;
				GCC_WARN_UNUSED_FUNCTION = YES;
				GCC_WARN_UNUSED_VARIABLE = YES;
				MACOSX_DEPLOYMENT_TARGET = 10.12;
				MTL_ENABLE_DEBUG_INFO = NO;
				SDKROOT = macosx;
				SWIFT_OPTIMIZATION_LEVEL = "-Owholemodule";
			};
			name = Release;
		};
		FD4E1EAF1DBA7CC3007BD0A2 /* Debug */ = {
			isa = XCBuildConfiguration;
			buildSettings = {
				ASSETCATALOG_COMPILER_APPICON_NAME = AppIcon;
				CODE_SIGN_ENTITLEMENTS = "macOS Example Swift/macOS Example Swift.entitlements";
				COMBINE_HIDPI_IMAGES = YES;
				DEVELOPMENT_TEAM = H7FL434D9W;
				INFOPLIST_FILE = "macOS Example Swift/Info.plist";
				LD_RUNPATH_SEARCH_PATHS = "$(inherited) @executable_path/../Frameworks";
				PRODUCT_BUNDLE_IDENTIFIER = "com.pusher.macOS-Example-Swift";
				PRODUCT_NAME = "$(TARGET_NAME)";
				SWIFT_VERSION = 3.0;
			};
			name = Debug;
		};
		FD4E1EB01DBA7CC3007BD0A2 /* Release */ = {
			isa = XCBuildConfiguration;
			buildSettings = {
				ASSETCATALOG_COMPILER_APPICON_NAME = AppIcon;
				CODE_SIGN_ENTITLEMENTS = "macOS Example Swift/macOS Example Swift.entitlements";
				COMBINE_HIDPI_IMAGES = YES;
				DEVELOPMENT_TEAM = H7FL434D9W;
				INFOPLIST_FILE = "macOS Example Swift/Info.plist";
				LD_RUNPATH_SEARCH_PATHS = "$(inherited) @executable_path/../Frameworks";
				PRODUCT_BUNDLE_IDENTIFIER = "com.pusher.macOS-Example-Swift";
				PRODUCT_NAME = "$(TARGET_NAME)";
				SWIFT_VERSION = 3.0;
			};
			name = Release;
		};
/* End XCBuildConfiguration section */

/* Begin XCConfigurationList section */
		FD4E1E9A1DBA7CC3007BD0A2 /* Build configuration list for PBXProject "macOS Example Swift" */ = {
			isa = XCConfigurationList;
			buildConfigurations = (
				FD4E1EAC1DBA7CC3007BD0A2 /* Debug */,
				FD4E1EAD1DBA7CC3007BD0A2 /* Release */,
			);
			defaultConfigurationIsVisible = 0;
			defaultConfigurationName = Release;
		};
		FD4E1EAE1DBA7CC3007BD0A2 /* Build configuration list for PBXNativeTarget "macOS Example Swift" */ = {
			isa = XCConfigurationList;
			buildConfigurations = (
				FD4E1EAF1DBA7CC3007BD0A2 /* Debug */,
				FD4E1EB01DBA7CC3007BD0A2 /* Release */,
			);
			defaultConfigurationIsVisible = 0;
			defaultConfigurationName = Release;
		};
/* End XCConfigurationList section */
	};
	rootObject = FD4E1E971DBA7CC3007BD0A2 /* Project object */;
}
