// !$*UTF8*$!
{
	archiveVersion = 1;
	classes = {
	};
	objectVersion = 46;
	objects = {

/* Begin PBXBuildFile section */
		335AD5AA20569C3C000D4D08 /* CryptoSwift.framework in Frameworks */ = {isa = PBXBuildFile; fileRef = 335AD5A620569C3B000D4D08 /* CryptoSwift.framework */; };
		335AD5AB20569C3C000D4D08 /* TaskQueue.framework in Frameworks */ = {isa = PBXBuildFile; fileRef = 335AD5A720569C3B000D4D08 /* TaskQueue.framework */; };
		335AD5AC20569C3C000D4D08 /* Reachability.framework in Frameworks */ = {isa = PBXBuildFile; fileRef = 335AD5A820569C3B000D4D08 /* Reachability.framework */; };
		335AD5B220569F14000D4D08 /* PusherSwift.framework in Embed Frameworks */ = {isa = PBXBuildFile; fileRef = 33CC82EA1D7F16A8003B699F /* PusherSwift.framework */; settings = {ATTRIBUTES = (CodeSignOnCopy, RemoveHeadersOnCopy, ); }; };
		33831CC21A9CFCDB00B124F1 /* AppDelegate.swift in Sources */ = {isa = PBXBuildFile; fileRef = 33831CBE1A9CFCDB00B124F1 /* AppDelegate.swift */; };
		33831CC31A9CFCDB00B124F1 /* Images.xcassets in Resources */ = {isa = PBXBuildFile; fileRef = 33831CBF1A9CFCDB00B124F1 /* Images.xcassets */; };
		33831CC41A9CFCDB00B124F1 /* Main.storyboard in Resources */ = {isa = PBXBuildFile; fileRef = 33831CC01A9CFCDB00B124F1 /* Main.storyboard */; };
		33831CC51A9CFCDB00B124F1 /* ViewController.swift in Sources */ = {isa = PBXBuildFile; fileRef = 33831CC11A9CFCDB00B124F1 /* ViewController.swift */; };
		33CC82EB1D7F16A8003B699F /* PusherSwift.framework in Frameworks */ = {isa = PBXBuildFile; fileRef = 33CC82EA1D7F16A8003B699F /* PusherSwift.framework */; };
		33E94E7620766DBE0005399D /* Starscream.framework in Frameworks */ = {isa = PBXBuildFile; fileRef = 335AD5A920569C3B000D4D08 /* Starscream.framework */; };
/* End PBXBuildFile section */

/* Begin PBXCopyFilesBuildPhase section */
		3330F8921D86EF1900D8DC88 /* Embed App Extensions */ = {
			isa = PBXCopyFilesBuildPhase;
			buildActionMask = 2147483647;
			dstPath = "";
			dstSubfolderSpec = 13;
			files = (
			);
			name = "Embed App Extensions";
			runOnlyForDeploymentPostprocessing = 0;
		};
		335AD5B320569F14000D4D08 /* Embed Frameworks */ = {
			isa = PBXCopyFilesBuildPhase;
			buildActionMask = 2147483647;
			dstPath = "";
			dstSubfolderSpec = 10;
			files = (
				335AD5B220569F14000D4D08 /* PusherSwift.framework in Embed Frameworks */,
			);
			name = "Embed Frameworks";
			runOnlyForDeploymentPostprocessing = 0;
		};
/* End PBXCopyFilesBuildPhase section */

/* Begin PBXFileReference section */
		335AD5A620569C3B000D4D08 /* CryptoSwift.framework */ = {isa = PBXFileReference; lastKnownFileType = wrapper.framework; name = CryptoSwift.framework; path = ../Carthage/Build/iOS/CryptoSwift.framework; sourceTree = "<group>"; };
		335AD5A720569C3B000D4D08 /* TaskQueue.framework */ = {isa = PBXFileReference; lastKnownFileType = wrapper.framework; name = TaskQueue.framework; path = ../Carthage/Build/iOS/TaskQueue.framework; sourceTree = "<group>"; };
		335AD5A820569C3B000D4D08 /* Reachability.framework */ = {isa = PBXFileReference; lastKnownFileType = wrapper.framework; name = Reachability.framework; path = ../Carthage/Build/iOS/Reachability.framework; sourceTree = "<group>"; };
		335AD5A920569C3B000D4D08 /* Starscream.framework */ = {isa = PBXFileReference; lastKnownFileType = wrapper.framework; name = Starscream.framework; path = ../Carthage/Build/iOS/Starscream.framework; sourceTree = "<group>"; };
		335AD5AF20569DC3000D4D08 /* Carthage.xcconfig */ = {isa = PBXFileReference; lastKnownFileType = text.xcconfig; path = Carthage.xcconfig; sourceTree = "<group>"; };
		3373BF4C2068F201005A61BE /* StarscreamFork.framework */ = {isa = PBXFileReference; lastKnownFileType = wrapper.framework; name = StarscreamFork.framework; path = ../Carthage/Build/iOS/StarscreamFork.framework; sourceTree = "<group>"; };
		33831C5E1A9CEEE900B124F1 /* iOS Example.app */ = {isa = PBXFileReference; explicitFileType = wrapper.application; includeInIndex = 0; path = "iOS Example.app"; sourceTree = BUILT_PRODUCTS_DIR; };
		33831CBC1A9CFCD000B124F1 /* Info.plist */ = {isa = PBXFileReference; fileEncoding = 4; lastKnownFileType = text.plist.xml; name = Info.plist; path = "iOS Example Swift/Info.plist"; sourceTree = SOURCE_ROOT; };
		33831CBE1A9CFCDB00B124F1 /* AppDelegate.swift */ = {isa = PBXFileReference; fileEncoding = 4; lastKnownFileType = sourcecode.swift; name = AppDelegate.swift; path = "iOS Example Swift/AppDelegate.swift"; sourceTree = SOURCE_ROOT; };
		33831CBF1A9CFCDB00B124F1 /* Images.xcassets */ = {isa = PBXFileReference; lastKnownFileType = folder.assetcatalog; name = Images.xcassets; path = "iOS Example Swift/Images.xcassets"; sourceTree = SOURCE_ROOT; };
		33831CC01A9CFCDB00B124F1 /* Main.storyboard */ = {isa = PBXFileReference; fileEncoding = 4; lastKnownFileType = file.storyboard; name = Main.storyboard; path = "iOS Example Swift/Main.storyboard"; sourceTree = SOURCE_ROOT; };
		33831CC11A9CFCDB00B124F1 /* ViewController.swift */ = {isa = PBXFileReference; fileEncoding = 4; lastKnownFileType = sourcecode.swift; name = ViewController.swift; path = "iOS Example Swift/ViewController.swift"; sourceTree = SOURCE_ROOT; };
		33CC82EA1D7F16A8003B699F /* PusherSwift.framework */ = {isa = PBXFileReference; explicitFileType = wrapper.framework; path = PusherSwift.framework; sourceTree = BUILT_PRODUCTS_DIR; };
/* End PBXFileReference section */

/* Begin PBXFrameworksBuildPhase section */
		33831C5B1A9CEEE900B124F1 /* Frameworks */ = {
			isa = PBXFrameworksBuildPhase;
			buildActionMask = 2147483647;
			files = (
				33E94E7620766DBE0005399D /* Starscream.framework in Frameworks */,
				335AD5AA20569C3C000D4D08 /* CryptoSwift.framework in Frameworks */,
				335AD5AB20569C3C000D4D08 /* TaskQueue.framework in Frameworks */,
				335AD5AC20569C3C000D4D08 /* Reachability.framework in Frameworks */,
				33CC82EB1D7F16A8003B699F /* PusherSwift.framework in Frameworks */,
			);
			runOnlyForDeploymentPostprocessing = 0;
		};
/* End PBXFrameworksBuildPhase section */

/* Begin PBXGroup section */
		33831C551A9CEEE900B124F1 = {
			isa = PBXGroup;
			children = (
				33831C601A9CEEE900B124F1 /* iOS Example Swift */,
				33831C5F1A9CEEE900B124F1 /* Products */,
				E0B29E04C3C064CEE6120CF2 /* Frameworks */,
			);
			sourceTree = "<group>";
		};
		33831C5F1A9CEEE900B124F1 /* Products */ = {
			isa = PBXGroup;
			children = (
				33831C5E1A9CEEE900B124F1 /* iOS Example.app */,
			);
			name = Products;
			sourceTree = "<group>";
		};
		33831C601A9CEEE900B124F1 /* iOS Example Swift */ = {
			isa = PBXGroup;
			children = (
				33831CBE1A9CFCDB00B124F1 /* AppDelegate.swift */,
				33831CC11A9CFCDB00B124F1 /* ViewController.swift */,
				33831CBF1A9CFCDB00B124F1 /* Images.xcassets */,
				33831CC01A9CFCDB00B124F1 /* Main.storyboard */,
				33831C611A9CEEE900B124F1 /* Supporting Files */,
			);
			name = "iOS Example Swift";
			path = "/Users/hami/pusher/pusher-websocket-swift/iOS Example Swift/iOS Example Swift";
			sourceTree = "<absolute>";
		};
		33831C611A9CEEE900B124F1 /* Supporting Files */ = {
			isa = PBXGroup;
			children = (
				33831CBC1A9CFCD000B124F1 /* Info.plist */,
				335AD5AF20569DC3000D4D08 /* Carthage.xcconfig */,
			);
			name = "Supporting Files";
			sourceTree = "<group>";
		};
		E0B29E04C3C064CEE6120CF2 /* Frameworks */ = {
			isa = PBXGroup;
			children = (
				3373BF4C2068F201005A61BE /* StarscreamFork.framework */,
				335AD5A620569C3B000D4D08 /* CryptoSwift.framework */,
				335AD5A820569C3B000D4D08 /* Reachability.framework */,
				335AD5A920569C3B000D4D08 /* Starscream.framework */,
				335AD5A720569C3B000D4D08 /* TaskQueue.framework */,
				33CC82EA1D7F16A8003B699F /* PusherSwift.framework */,
			);
			name = Frameworks;
			sourceTree = "<group>";
		};
/* End PBXGroup section */

/* Begin PBXNativeTarget section */
		33831C5D1A9CEEE900B124F1 /* iOS Example */ = {
			isa = PBXNativeTarget;
			buildConfigurationList = 33831C7D1A9CEEEA00B124F1 /* Build configuration list for PBXNativeTarget "iOS Example" */;
			buildPhases = (
				33831C5A1A9CEEE900B124F1 /* Sources */,
				335AD5AE20569C58000D4D08 /* Copy Carthage Frameworks */,
				33831C5B1A9CEEE900B124F1 /* Frameworks */,
				33831C5C1A9CEEE900B124F1 /* Resources */,
				3330F8921D86EF1900D8DC88 /* Embed App Extensions */,
				335AD5B320569F14000D4D08 /* Embed Frameworks */,
			);
			buildRules = (
			);
			dependencies = (
			);
			name = "iOS Example";
			productName = "iOS Example";
			productReference = 33831C5E1A9CEEE900B124F1 /* iOS Example.app */;
			productType = "com.apple.product-type.application";
		};
/* End PBXNativeTarget section */

/* Begin PBXProject section */
		33831C561A9CEEE900B124F1 /* Project object */ = {
			isa = PBXProject;
			attributes = {
				LastSwiftUpdateCheck = 0800;
				LastUpgradeCheck = 0930;
				ORGANIZATIONNAME = Pusher;
				TargetAttributes = {
					33831C5D1A9CEEE900B124F1 = {
						CreatedOnToolsVersion = 6.3;
						DevelopmentTeam = H7FL434D9W;
						LastSwiftMigration = 0800;
						SystemCapabilities = {
							com.apple.BackgroundModes = {
								enabled = 0;
							};
							com.apple.Push = {
								enabled = 0;
							};
						};
					};
				};
			};
			buildConfigurationList = 33831C591A9CEEE900B124F1 /* Build configuration list for PBXProject "iOS Example Swift" */;
			compatibilityVersion = "Xcode 3.2";
			developmentRegion = English;
			hasScannedForEncodings = 0;
			knownRegions = (
				en,
				Base,
			);
			mainGroup = 33831C551A9CEEE900B124F1;
			productRefGroup = 33831C5F1A9CEEE900B124F1 /* Products */;
			projectDirPath = "";
			projectRoot = "";
			targets = (
				33831C5D1A9CEEE900B124F1 /* iOS Example */,
			);
		};
/* End PBXProject section */

/* Begin PBXResourcesBuildPhase section */
		33831C5C1A9CEEE900B124F1 /* Resources */ = {
			isa = PBXResourcesBuildPhase;
			buildActionMask = 2147483647;
			files = (
				33831CC41A9CFCDB00B124F1 /* Main.storyboard in Resources */,
				33831CC31A9CFCDB00B124F1 /* Images.xcassets in Resources */,
			);
			runOnlyForDeploymentPostprocessing = 0;
		};
/* End PBXResourcesBuildPhase section */

/* Begin PBXShellScriptBuildPhase section */
		335AD5AE20569C58000D4D08 /* Copy Carthage Frameworks */ = {
			isa = PBXShellScriptBuildPhase;
			buildActionMask = 2147483647;
			files = (
			);
			inputPaths = (
				"$(SRCROOT)/../Carthage/Build/iOS/CryptoSwift.framework",
				"$(SRCROOT)/../Carthage/Build/iOS/TaskQueue.framework",
				"$(SRCROOT)/../Carthage/Build/iOS/Reachability.framework",
				"$(SRCROOT)/../Carthage/Build/iOS/Starscream.framework",
			);
			name = "Copy Carthage Frameworks";
			outputPaths = (
			);
			runOnlyForDeploymentPostprocessing = 0;
			shellPath = /bin/sh;
			shellScript = "/usr/local/bin/carthage copy-frameworks";
		};
/* End PBXShellScriptBuildPhase section */

/* Begin PBXSourcesBuildPhase section */
		33831C5A1A9CEEE900B124F1 /* Sources */ = {
			isa = PBXSourcesBuildPhase;
			buildActionMask = 2147483647;
			files = (
				33831CC51A9CFCDB00B124F1 /* ViewController.swift in Sources */,
				33831CC21A9CFCDB00B124F1 /* AppDelegate.swift in Sources */,
			);
			runOnlyForDeploymentPostprocessing = 0;
		};
/* End PBXSourcesBuildPhase section */

/* Begin XCBuildConfiguration section */
		33831C7B1A9CEEEA00B124F1 /* Debug */ = {
			isa = XCBuildConfiguration;
			baseConfigurationReference = 335AD5AF20569DC3000D4D08 /* Carthage.xcconfig */;
			buildSettings = {
				ALWAYS_SEARCH_USER_PATHS = NO;
				CLANG_CXX_LANGUAGE_STANDARD = "gnu++0x";
				CLANG_CXX_LIBRARY = "libc++";
				CLANG_ENABLE_MODULES = YES;
				CLANG_ENABLE_OBJC_ARC = YES;
				CLANG_WARN_BLOCK_CAPTURE_AUTORELEASING = YES;
				CLANG_WARN_BOOL_CONVERSION = YES;
				CLANG_WARN_COMMA = YES;
				CLANG_WARN_CONSTANT_CONVERSION = YES;
				CLANG_WARN_DEPRECATED_OBJC_IMPLEMENTATIONS = YES;
				CLANG_WARN_DIRECT_OBJC_ISA_USAGE = YES_ERROR;
				CLANG_WARN_EMPTY_BODY = YES;
				CLANG_WARN_ENUM_CONVERSION = YES;
				CLANG_WARN_INFINITE_RECURSION = YES;
				CLANG_WARN_INT_CONVERSION = YES;
				CLANG_WARN_NON_LITERAL_NULL_CONVERSION = YES;
				CLANG_WARN_OBJC_IMPLICIT_RETAIN_SELF = YES;
				CLANG_WARN_OBJC_LITERAL_CONVERSION = YES;
				CLANG_WARN_OBJC_ROOT_CLASS = YES_ERROR;
				CLANG_WARN_RANGE_LOOP_ANALYSIS = YES;
				CLANG_WARN_STRICT_PROTOTYPES = YES;
				CLANG_WARN_SUSPICIOUS_MOVE = YES;
				CLANG_WARN_UNREACHABLE_CODE = YES;
				CLANG_WARN__DUPLICATE_METHOD_MATCH = YES;
				"CODE_SIGN_IDENTITY[sdk=iphoneos*]" = "iPhone Developer";
				COPY_PHASE_STRIP = NO;
				DEBUG_INFORMATION_FORMAT = dwarf;
				ENABLE_STRICT_OBJC_MSGSEND = YES;
				ENABLE_TESTABILITY = YES;
				GCC_C_LANGUAGE_STANDARD = gnu99;
				GCC_DYNAMIC_NO_PIC = NO;
				GCC_NO_COMMON_BLOCKS = YES;
				GCC_OPTIMIZATION_LEVEL = 0;
				GCC_PREPROCESSOR_DEFINITIONS = (
					"DEBUG=1",
					"$(inherited)",
				);
				GCC_SYMBOLS_PRIVATE_EXTERN = NO;
				GCC_WARN_64_TO_32_BIT_CONVERSION = YES;
				GCC_WARN_ABOUT_RETURN_TYPE = YES_ERROR;
				GCC_WARN_UNDECLARED_SELECTOR = YES;
				GCC_WARN_UNINITIALIZED_AUTOS = YES_AGGRESSIVE;
				GCC_WARN_UNUSED_FUNCTION = YES;
				GCC_WARN_UNUSED_VARIABLE = YES;
				IPHONEOS_DEPLOYMENT_TARGET = 11.2;
				MTL_ENABLE_DEBUG_INFO = YES;
				ONLY_ACTIVE_ARCH = YES;
				SDKROOT = iphoneos;
				SWIFT_OPTIMIZATION_LEVEL = "-Onone";
				SWIFT_VERSION = 4.0;
				TARGETED_DEVICE_FAMILY = "1,2";
			};
			name = Debug;
		};
		33831C7C1A9CEEEA00B124F1 /* Release */ = {
			isa = XCBuildConfiguration;
			baseConfigurationReference = 335AD5AF20569DC3000D4D08 /* Carthage.xcconfig */;
			buildSettings = {
				ALWAYS_SEARCH_USER_PATHS = NO;
				CLANG_CXX_LANGUAGE_STANDARD = "gnu++0x";
				CLANG_CXX_LIBRARY = "libc++";
				CLANG_ENABLE_MODULES = YES;
				CLANG_ENABLE_OBJC_ARC = YES;
				CLANG_WARN_BLOCK_CAPTURE_AUTORELEASING = YES;
				CLANG_WARN_BOOL_CONVERSION = YES;
				CLANG_WARN_COMMA = YES;
				CLANG_WARN_CONSTANT_CONVERSION = YES;
				CLANG_WARN_DEPRECATED_OBJC_IMPLEMENTATIONS = YES;
				CLANG_WARN_DIRECT_OBJC_ISA_USAGE = YES_ERROR;
				CLANG_WARN_EMPTY_BODY = YES;
				CLANG_WARN_ENUM_CONVERSION = YES;
				CLANG_WARN_INFINITE_RECURSION = YES;
				CLANG_WARN_INT_CONVERSION = YES;
				CLANG_WARN_NON_LITERAL_NULL_CONVERSION = YES;
				CLANG_WARN_OBJC_IMPLICIT_RETAIN_SELF = YES;
				CLANG_WARN_OBJC_LITERAL_CONVERSION = YES;
				CLANG_WARN_OBJC_ROOT_CLASS = YES_ERROR;
				CLANG_WARN_RANGE_LOOP_ANALYSIS = YES;
				CLANG_WARN_STRICT_PROTOTYPES = YES;
				CLANG_WARN_SUSPICIOUS_MOVE = YES;
				CLANG_WARN_UNREACHABLE_CODE = YES;
				CLANG_WARN__DUPLICATE_METHOD_MATCH = YES;
				"CODE_SIGN_IDENTITY[sdk=iphoneos*]" = "iPhone Developer";
				COPY_PHASE_STRIP = NO;
				DEBUG_INFORMATION_FORMAT = "dwarf-with-dsym";
				ENABLE_NS_ASSERTIONS = NO;
				ENABLE_STRICT_OBJC_MSGSEND = YES;
				GCC_C_LANGUAGE_STANDARD = gnu99;
				GCC_NO_COMMON_BLOCKS = YES;
				GCC_WARN_64_TO_32_BIT_CONVERSION = YES;
				GCC_WARN_ABOUT_RETURN_TYPE = YES_ERROR;
				GCC_WARN_UNDECLARED_SELECTOR = YES;
				GCC_WARN_UNINITIALIZED_AUTOS = YES_AGGRESSIVE;
				GCC_WARN_UNUSED_FUNCTION = YES;
				GCC_WARN_UNUSED_VARIABLE = YES;
				IPHONEOS_DEPLOYMENT_TARGET = 11.2;
				MTL_ENABLE_DEBUG_INFO = NO;
				SDKROOT = iphoneos;
				SWIFT_VERSION = 4.0;
				TARGETED_DEVICE_FAMILY = "1,2";
				VALIDATE_PRODUCT = YES;
			};
			name = Release;
		};
		33831C7E1A9CEEEA00B124F1 /* Debug */ = {
			isa = XCBuildConfiguration;
			buildSettings = {
				ASSETCATALOG_COMPILER_APPICON_NAME = AppIcon;
				CLANG_ENABLE_MODULES = YES;
				CODE_SIGN_IDENTITY = "iPhone Developer";
				"CODE_SIGN_IDENTITY[sdk=iphoneos*]" = "iPhone Developer";
				DEVELOPMENT_TEAM = H7FL434D9W;
				FRAMEWORK_SEARCH_PATHS = "$(inherited)";
				INFOPLIST_FILE = "iOS Example Swift/Info.plist";
				IPHONEOS_DEPLOYMENT_TARGET = 11.2;
				LD_RUNPATH_SEARCH_PATHS = "$(inherited) @executable_path/Frameworks";
				PRODUCT_BUNDLE_IDENTIFIER = "com.pusher.iOS-Example-Obj-C";
				PRODUCT_NAME = "$(TARGET_NAME)";
				PROVISIONING_PROFILE = "";
				SWIFT_OPTIMIZATION_LEVEL = "-Onone";
				SWIFT_VERSION = 4.0;
			};
			name = Debug;
		};
		33831C7F1A9CEEEA00B124F1 /* Release */ = {
			isa = XCBuildConfiguration;
			buildSettings = {
				ASSETCATALOG_COMPILER_APPICON_NAME = AppIcon;
				CLANG_ENABLE_MODULES = YES;
				CODE_SIGN_IDENTITY = "iPhone Developer";
				"CODE_SIGN_IDENTITY[sdk=iphoneos*]" = "iPhone Developer";
				DEVELOPMENT_TEAM = H7FL434D9W;
				FRAMEWORK_SEARCH_PATHS = "$(inherited)";
				GCC_OPTIMIZATION_LEVEL = s;
				INFOPLIST_FILE = "iOS Example Swift/Info.plist";
				IPHONEOS_DEPLOYMENT_TARGET = 11.2;
				LD_RUNPATH_SEARCH_PATHS = "$(inherited) @executable_path/Frameworks";
				PRODUCT_BUNDLE_IDENTIFIER = "com.pusher.iOS-Example-Obj-C";
				PRODUCT_NAME = "$(TARGET_NAME)";
				PROVISIONING_PROFILE = "";
				SWIFT_OPTIMIZATION_LEVEL = "-Owholemodule";
				SWIFT_VERSION = 4.0;
			};
			name = Release;
		};
/* End XCBuildConfiguration section */

/* Begin XCConfigurationList section */
		33831C591A9CEEE900B124F1 /* Build configuration list for PBXProject "iOS Example Swift" */ = {
			isa = XCConfigurationList;
			buildConfigurations = (
				33831C7B1A9CEEEA00B124F1 /* Debug */,
				33831C7C1A9CEEEA00B124F1 /* Release */,
			);
			defaultConfigurationIsVisible = 0;
			defaultConfigurationName = Release;
		};
		33831C7D1A9CEEEA00B124F1 /* Build configuration list for PBXNativeTarget "iOS Example" */ = {
			isa = XCConfigurationList;
			buildConfigurations = (
				33831C7E1A9CEEEA00B124F1 /* Debug */,
				33831C7F1A9CEEEA00B124F1 /* Release */,
			);
			defaultConfigurationIsVisible = 0;
			defaultConfigurationName = Release;
		};
/* End XCConfigurationList section */
	};
	rootObject = 33831C561A9CEEE900B124F1 /* Project object */;
}
