// !$*UTF8*$!
{
	archiveVersion = 1;
	classes = {
	};
	objectVersion = 46;
	objects = {

/* Begin PBXBuildFile section */
		3DF20A4DDE15D6522E3800A8 /* Pods_Swift_iOS.framework in Frameworks */ = {isa = PBXBuildFile; fileRef = 68C2E58E8B014681D5C364E5 /* Pods_Swift_iOS.framework */; };
		7306CD5924324C620077C9E6 /* ViewController.swift in Sources */ = {isa = PBXBuildFile; fileRef = 7306CD5224324C620077C9E6 /* ViewController.swift */; };
		7306CD5A24324C620077C9E6 /* Main.storyboard in Resources */ = {isa = PBXBuildFile; fileRef = 7306CD5324324C620077C9E6 /* Main.storyboard */; };
		7306CD5B24324C620077C9E6 /* AppDelegate.swift in Sources */ = {isa = PBXBuildFile; fileRef = 7306CD5424324C620077C9E6 /* AppDelegate.swift */; };
		7306CD5C24324C620077C9E6 /* ViewController+Extensions.swift in Sources */ = {isa = PBXBuildFile; fileRef = 7306CD5524324C620077C9E6 /* ViewController+Extensions.swift */; };
		7306CD8324324EDC0077C9E6 /* ViewController.swift in Sources */ = {isa = PBXBuildFile; fileRef = 7306CD4E24324C620077C9E6 /* ViewController.swift */; };
		7306CD8424324EDC0077C9E6 /* Main.storyboard in Resources */ = {isa = PBXBuildFile; fileRef = 7306CD4F24324C620077C9E6 /* Main.storyboard */; };
		7306CD8524324EDC0077C9E6 /* AppDelegate.swift in Sources */ = {isa = PBXBuildFile; fileRef = 7306CD5024324C620077C9E6 /* AppDelegate.swift */; };
		7306CD8624324EDF0077C9E6 /* ViewController+Extensions.swift in Sources */ = {isa = PBXBuildFile; fileRef = 7306CD5524324C620077C9E6 /* ViewController+Extensions.swift */; };
		7E36354DF9AE971C6E95C9E5 /* Pods_Swift_macOS.framework in Frameworks */ = {isa = PBXBuildFile; fileRef = BF3D8CF4407D17709A01D893 /* Pods_Swift_macOS.framework */; };
/* End PBXBuildFile section */

/* Begin PBXCopyFilesBuildPhase section */
		3330F8921D86EF1900D8DC88 /* Embed App Extensions */ = {
			isa = PBXCopyFilesBuildPhase;
			buildActionMask = 2147483647;
			dstPath = "";
			dstSubfolderSpec = 13;
			files = (
			);
			name = "Embed App Extensions";
			runOnlyForDeploymentPostprocessing = 0;
		};
		7319BDCD2431F07A0074991C /* Embed Frameworks */ = {
			isa = PBXCopyFilesBuildPhase;
			buildActionMask = 2147483647;
			dstPath = "";
			dstSubfolderSpec = 10;
			files = (
			);
			name = "Embed Frameworks";
			runOnlyForDeploymentPostprocessing = 0;
		};
/* End PBXCopyFilesBuildPhase section */

/* Begin PBXFileReference section */
		15B547EDED4D81C90337D6A8 /* Pods-Swift-macOS.release.xcconfig */ = {isa = PBXFileReference; includeInIndex = 1; lastKnownFileType = text.xcconfig; name = "Pods-Swift-macOS.release.xcconfig"; path = "Target Support Files/Pods-Swift-macOS/Pods-Swift-macOS.release.xcconfig"; sourceTree = "<group>"; };
		33831C5E1A9CEEE900B124F1 /* Swift-iOS.app */ = {isa = PBXFileReference; explicitFileType = wrapper.application; includeInIndex = 0; path = "Swift-iOS.app"; sourceTree = BUILT_PRODUCTS_DIR; };
		3E02AE01D2D3CAD26E8AA805 /* Pods-Swift-iOS.release.xcconfig */ = {isa = PBXFileReference; includeInIndex = 1; lastKnownFileType = text.xcconfig; name = "Pods-Swift-iOS.release.xcconfig"; path = "Target Support Files/Pods-Swift-iOS/Pods-Swift-iOS.release.xcconfig"; sourceTree = "<group>"; };
		5FAC57A9D377363E98F05AFA /* Pods-Swift-iOS.debug.xcconfig */ = {isa = PBXFileReference; includeInIndex = 1; lastKnownFileType = text.xcconfig; name = "Pods-Swift-iOS.debug.xcconfig"; path = "Target Support Files/Pods-Swift-iOS/Pods-Swift-iOS.debug.xcconfig"; sourceTree = "<group>"; };
		68C2E58E8B014681D5C364E5 /* Pods_Swift_iOS.framework */ = {isa = PBXFileReference; explicitFileType = wrapper.framework; includeInIndex = 0; path = Pods_Swift_iOS.framework; sourceTree = BUILT_PRODUCTS_DIR; };
		7306CD4924324BE60077C9E6 /* Info.plist */ = {isa = PBXFileReference; lastKnownFileType = text.plist.xml; path = Info.plist; sourceTree = "<group>"; };
		7306CD4B24324BE60077C9E6 /* Info.plist */ = {isa = PBXFileReference; lastKnownFileType = text.plist.xml; path = Info.plist; sourceTree = "<group>"; };
		7306CD4E24324C620077C9E6 /* ViewController.swift */ = {isa = PBXFileReference; fileEncoding = 4; lastKnownFileType = sourcecode.swift; path = ViewController.swift; sourceTree = "<group>"; };
		7306CD4F24324C620077C9E6 /* Main.storyboard */ = {isa = PBXFileReference; fileEncoding = 4; lastKnownFileType = file.storyboard; path = Main.storyboard; sourceTree = "<group>"; };
		7306CD5024324C620077C9E6 /* AppDelegate.swift */ = {isa = PBXFileReference; fileEncoding = 4; lastKnownFileType = sourcecode.swift; path = AppDelegate.swift; sourceTree = "<group>"; };
		7306CD5224324C620077C9E6 /* ViewController.swift */ = {isa = PBXFileReference; fileEncoding = 4; lastKnownFileType = sourcecode.swift; path = ViewController.swift; sourceTree = "<group>"; };
		7306CD5324324C620077C9E6 /* Main.storyboard */ = {isa = PBXFileReference; fileEncoding = 4; lastKnownFileType = file.storyboard; path = Main.storyboard; sourceTree = "<group>"; };
		7306CD5424324C620077C9E6 /* AppDelegate.swift */ = {isa = PBXFileReference; fileEncoding = 4; lastKnownFileType = sourcecode.swift; path = AppDelegate.swift; sourceTree = "<group>"; };
		7306CD5524324C620077C9E6 /* ViewController+Extensions.swift */ = {isa = PBXFileReference; fileEncoding = 4; lastKnownFileType = sourcecode.swift; path = "ViewController+Extensions.swift"; sourceTree = "<group>"; };
		7306CD7324324EB30077C9E6 /* Swift-macOS.app */ = {isa = PBXFileReference; explicitFileType = wrapper.application; includeInIndex = 0; path = "Swift-macOS.app"; sourceTree = BUILT_PRODUCTS_DIR; };
		7344F5432433361800B7DBE2 /* config.xcconfig */ = {isa = PBXFileReference; fileEncoding = 4; lastKnownFileType = text.xcconfig; path = config.xcconfig; sourceTree = "<group>"; };
		78108B8D8C27F29260559750 /* Pods-Swift-macOS.debug.xcconfig */ = {isa = PBXFileReference; includeInIndex = 1; lastKnownFileType = text.xcconfig; name = "Pods-Swift-macOS.debug.xcconfig"; path = "Target Support Files/Pods-Swift-macOS/Pods-Swift-macOS.debug.xcconfig"; sourceTree = "<group>"; };
		BF3D8CF4407D17709A01D893 /* Pods_Swift_macOS.framework */ = {isa = PBXFileReference; explicitFileType = wrapper.framework; includeInIndex = 0; path = Pods_Swift_macOS.framework; sourceTree = BUILT_PRODUCTS_DIR; };
/* End PBXFileReference section */

/* Begin PBXFrameworksBuildPhase section */
		33831C5B1A9CEEE900B124F1 /* Frameworks */ = {
			isa = PBXFrameworksBuildPhase;
			buildActionMask = 2147483647;
			files = (
				3DF20A4DDE15D6522E3800A8 /* Pods_Swift_iOS.framework in Frameworks */,
			);
			runOnlyForDeploymentPostprocessing = 0;
		};
		7306CD7024324EB30077C9E6 /* Frameworks */ = {
			isa = PBXFrameworksBuildPhase;
			buildActionMask = 2147483647;
			files = (
				7E36354DF9AE971C6E95C9E5 /* Pods_Swift_macOS.framework in Frameworks */,
			);
			runOnlyForDeploymentPostprocessing = 0;
		};
/* End PBXFrameworksBuildPhase section */

/* Begin PBXGroup section */
		32A0FEAB0ED92B154E3A24BB /* Pods */ = {
			isa = PBXGroup;
			children = (
				5FAC57A9D377363E98F05AFA /* Pods-Swift-iOS.debug.xcconfig */,
				3E02AE01D2D3CAD26E8AA805 /* Pods-Swift-iOS.release.xcconfig */,
				78108B8D8C27F29260559750 /* Pods-Swift-macOS.debug.xcconfig */,
				15B547EDED4D81C90337D6A8 /* Pods-Swift-macOS.release.xcconfig */,
			);
			name = Pods;
			path = Pods;
			sourceTree = "<group>";
		};
		33831C551A9CEEE900B124F1 = {
			isa = PBXGroup;
			children = (
				7344F5432433361800B7DBE2 /* config.xcconfig */,
				7346163B242E5B73003A9A3F /* Shared */,
				33831C5F1A9CEEE900B124F1 /* Products */,
				32A0FEAB0ED92B154E3A24BB /* Pods */,
				B9A7ECB9B874D9A4542E75FE /* Frameworks */,
			);
			sourceTree = "<group>";
		};
		33831C5F1A9CEEE900B124F1 /* Products */ = {
			isa = PBXGroup;
			children = (
				33831C5E1A9CEEE900B124F1 /* Swift-iOS.app */,
				7306CD7324324EB30077C9E6 /* Swift-macOS.app */,
			);
			name = Products;
			sourceTree = "<group>";
		};
		7306CD4824324BE60077C9E6 /* iOS */ = {
			isa = PBXGroup;
			children = (
				7306CD4924324BE60077C9E6 /* Info.plist */,
			);
			path = iOS;
			sourceTree = "<group>";
		};
		7306CD4A24324BE60077C9E6 /* macOS */ = {
			isa = PBXGroup;
			children = (
				7306CD4B24324BE60077C9E6 /* Info.plist */,
			);
			path = macOS;
			sourceTree = "<group>";
		};
		7306CD4C24324C620077C9E6 /* Swift */ = {
			isa = PBXGroup;
			children = (
				7306CD4D24324C620077C9E6 /* macOS */,
				7306CD5124324C620077C9E6 /* iOS */,
				7306CD5524324C620077C9E6 /* ViewController+Extensions.swift */,
			);
			path = Swift;
			sourceTree = "<group>";
		};
		7306CD4D24324C620077C9E6 /* macOS */ = {
			isa = PBXGroup;
			children = (
				7306CD4E24324C620077C9E6 /* ViewController.swift */,
				7306CD4F24324C620077C9E6 /* Main.storyboard */,
				7306CD5024324C620077C9E6 /* AppDelegate.swift */,
			);
			path = macOS;
			sourceTree = "<group>";
		};
		7306CD5124324C620077C9E6 /* iOS */ = {
			isa = PBXGroup;
			children = (
				7306CD5224324C620077C9E6 /* ViewController.swift */,
				7306CD5324324C620077C9E6 /* Main.storyboard */,
				7306CD5424324C620077C9E6 /* AppDelegate.swift */,
			);
			path = iOS;
			sourceTree = "<group>";
		};
		7346163B242E5B73003A9A3F /* Shared */ = {
			isa = PBXGroup;
			children = (
				7306CD4824324BE60077C9E6 /* iOS */,
				7306CD4A24324BE60077C9E6 /* macOS */,
				7306CD4C24324C620077C9E6 /* Swift */,
			);
			name = Shared;
			path = ../Shared;
			sourceTree = "<group>";
		};
		B9A7ECB9B874D9A4542E75FE /* Frameworks */ = {
			isa = PBXGroup;
			children = (
				68C2E58E8B014681D5C364E5 /* Pods_Swift_iOS.framework */,
				BF3D8CF4407D17709A01D893 /* Pods_Swift_macOS.framework */,
			);
			name = Frameworks;
			sourceTree = "<group>";
		};
/* End PBXGroup section */

/* Begin PBXNativeTarget section */
		33831C5D1A9CEEE900B124F1 /* Swift-iOS */ = {
			isa = PBXNativeTarget;
			buildConfigurationList = 33831C7D1A9CEEEA00B124F1 /* Build configuration list for PBXNativeTarget "Swift-iOS" */;
			buildPhases = (
				716B7C348232ED53643129A7 /* [CP] Check Pods Manifest.lock */,
				33831C5A1A9CEEE900B124F1 /* Sources */,
				33831C5B1A9CEEE900B124F1 /* Frameworks */,
				33831C5C1A9CEEE900B124F1 /* Resources */,
				335AD5AE20569C58000D4D08 /* Carthage: Copy Platform Specific Frameworks */,
				3330F8921D86EF1900D8DC88 /* Embed App Extensions */,
				7319BDCD2431F07A0074991C /* Embed Frameworks */,
				12210F3D490D47DC8476DA88 /* [CP] Embed Pods Frameworks */,
			);
			buildRules = (
			);
			dependencies = (
			);
			name = "Swift-iOS";
			productName = "iOS Example";
			productReference = 33831C5E1A9CEEE900B124F1 /* Swift-iOS.app */;
			productType = "com.apple.product-type.application";
		};
		7306CD7224324EB30077C9E6 /* Swift-macOS */ = {
			isa = PBXNativeTarget;
			buildConfigurationList = 7306CD8024324EB50077C9E6 /* Build configuration list for PBXNativeTarget "Swift-macOS" */;
			buildPhases = (
				C7FD9342AE332EDE65915B8C /* [CP] Check Pods Manifest.lock */,
				7306CD6F24324EB30077C9E6 /* Sources */,
				7306CD7024324EB30077C9E6 /* Frameworks */,
				7306CD7124324EB30077C9E6 /* Resources */,
				7306CD8824324F090077C9E6 /* Carthage: Copy Platform Specific Frameworks */,
				F9A04DBFDFB4EEA8230D01E3 /* [CP] Embed Pods Frameworks */,
			);
			buildRules = (
			);
			dependencies = (
			);
			name = "Swift-macOS";
			productName = "Swift-macOS";
			productReference = 7306CD7324324EB30077C9E6 /* Swift-macOS.app */;
			productType = "com.apple.product-type.application";
		};
/* End PBXNativeTarget section */

/* Begin PBXProject section */
		33831C561A9CEEE900B124F1 /* Project object */ = {
			isa = PBXProject;
			attributes = {
				LastSwiftUpdateCheck = 1140;
				LastUpgradeCheck = 0930;
				ORGANIZATIONNAME = Pusher;
				TargetAttributes = {
					33831C5D1A9CEEE900B124F1 = {
						CreatedOnToolsVersion = 6.3;
						DevelopmentTeam = H7FL434D9W;
						LastSwiftMigration = 0800;
						SystemCapabilities = {
							com.apple.BackgroundModes = {
								enabled = 0;
							};
							com.apple.Push = {
								enabled = 0;
							};
						};
					};
					7306CD7224324EB30077C9E6 = {
						CreatedOnToolsVersion = 11.4;
						ProvisioningStyle = Automatic;
					};
				};
			};
			buildConfigurationList = 33831C591A9CEEE900B124F1 /* Build configuration list for PBXProject "Swift" */;
			compatibilityVersion = "Xcode 3.2";
			developmentRegion = English;
			hasScannedForEncodings = 0;
			knownRegions = (
				English,
				en,
				Base,
			);
			mainGroup = 33831C551A9CEEE900B124F1;
			productRefGroup = 33831C5F1A9CEEE900B124F1 /* Products */;
			projectDirPath = "";
			projectRoot = "";
			targets = (
				33831C5D1A9CEEE900B124F1 /* Swift-iOS */,
				7306CD7224324EB30077C9E6 /* Swift-macOS */,
			);
		};
/* End PBXProject section */

/* Begin PBXResourcesBuildPhase section */
		33831C5C1A9CEEE900B124F1 /* Resources */ = {
			isa = PBXResourcesBuildPhase;
			buildActionMask = 2147483647;
			files = (
				7306CD5A24324C620077C9E6 /* Main.storyboard in Resources */,
			);
			runOnlyForDeploymentPostprocessing = 0;
		};
		7306CD7124324EB30077C9E6 /* Resources */ = {
			isa = PBXResourcesBuildPhase;
			buildActionMask = 2147483647;
			files = (
				7306CD8424324EDC0077C9E6 /* Main.storyboard in Resources */,
			);
			runOnlyForDeploymentPostprocessing = 0;
		};
/* End PBXResourcesBuildPhase section */

/* Begin PBXShellScriptBuildPhase section */
		12210F3D490D47DC8476DA88 /* [CP] Embed Pods Frameworks */ = {
			isa = PBXShellScriptBuildPhase;
			buildActionMask = 2147483647;
			files = (
			);
			inputPaths = (
				"${PODS_ROOT}/Target Support Files/Pods-Swift-iOS/Pods-Swift-iOS-frameworks.sh",
				"${BUILT_PRODUCTS_DIR}/PusherSwift-iOS/PusherSwift.framework",
				"${BUILT_PRODUCTS_DIR}/ReachabilitySwift-iOS/Reachability.framework",
				"${BUILT_PRODUCTS_DIR}/Sodium-iOS/Sodium.framework",
				"${BUILT_PRODUCTS_DIR}/Starscream-iOS/Starscream.framework",
			);
			name = "[CP] Embed Pods Frameworks";
			outputPaths = (
				"${TARGET_BUILD_DIR}/${FRAMEWORKS_FOLDER_PATH}/PusherSwift.framework",
				"${TARGET_BUILD_DIR}/${FRAMEWORKS_FOLDER_PATH}/Reachability.framework",
				"${TARGET_BUILD_DIR}/${FRAMEWORKS_FOLDER_PATH}/Sodium.framework",
				"${TARGET_BUILD_DIR}/${FRAMEWORKS_FOLDER_PATH}/Starscream.framework",
			);
			runOnlyForDeploymentPostprocessing = 0;
			shellPath = /bin/sh;
			shellScript = "\"${PODS_ROOT}/Target Support Files/Pods-Swift-iOS/Pods-Swift-iOS-frameworks.sh\"\n";
			showEnvVarsInLog = 0;
		};
		335AD5AE20569C58000D4D08 /* Carthage: Copy Platform Specific Frameworks */ = {
			isa = PBXShellScriptBuildPhase;
			buildActionMask = 2147483647;
			files = (
			);
			inputPaths = (
				Sodium,
				Reachability,
				Starscream,
				PusherSwift,
			);
			name = "Carthage: Copy Platform Specific Frameworks";
			outputPaths = (
			);
			runOnlyForDeploymentPostprocessing = 0;
			shellPath = /bin/sh;
			shellScript = "if [[ $SRCROOT == *\"Carthage\"* ]]; then\n    # This looks like a Carthage based project so perform the copy\n    sh ../Shared/carthage-copy-platform-specific-frameworks.sh\nelse \n    # This does NOT look like a Carthage based project so do nothing\n    echo \"IGNORING 'Carthage: Copy Platform Specific Framework' build phase\"\nfi\n";
		};
		716B7C348232ED53643129A7 /* [CP] Check Pods Manifest.lock */ = {
			isa = PBXShellScriptBuildPhase;
			buildActionMask = 2147483647;
			files = (
			);
			inputFileListPaths = (
			);
			inputPaths = (
				"${PODS_PODFILE_DIR_PATH}/Podfile.lock",
				"${PODS_ROOT}/Manifest.lock",
			);
			name = "[CP] Check Pods Manifest.lock";
			outputFileListPaths = (
			);
			outputPaths = (
				"$(DERIVED_FILE_DIR)/Pods-Swift-iOS-checkManifestLockResult.txt",
			);
			runOnlyForDeploymentPostprocessing = 0;
			shellPath = /bin/sh;
			shellScript = "diff \"${PODS_PODFILE_DIR_PATH}/Podfile.lock\" \"${PODS_ROOT}/Manifest.lock\" > /dev/null\nif [ $? != 0 ] ; then\n    # print error to STDERR\n    echo \"error: The sandbox is not in sync with the Podfile.lock. Run 'pod install' or update your CocoaPods installation.\" >&2\n    exit 1\nfi\n# This output is used by Xcode 'outputs' to avoid re-running this script phase.\necho \"SUCCESS\" > \"${SCRIPT_OUTPUT_FILE_0}\"\n";
			showEnvVarsInLog = 0;
		};
		7306CD8824324F090077C9E6 /* Carthage: Copy Platform Specific Frameworks */ = {
			isa = PBXShellScriptBuildPhase;
			buildActionMask = 2147483647;
			files = (
			);
			inputFileListPaths = (
			);
			inputPaths = (
				Sodium,
				Reachability,
				Starscream,
				PusherSwift,
			);
			name = "Carthage: Copy Platform Specific Frameworks";
			outputFileListPaths = (
			);
			outputPaths = (
			);
			runOnlyForDeploymentPostprocessing = 0;
			shellPath = /bin/sh;
			shellScript = "if [[ $SRCROOT == *\"Carthage\"* ]]; then\n    # This looks like a Carthage based project so perform the copy\n    sh ../Shared/carthage-copy-platform-specific-frameworks.sh\nelse \n    # This does NOT look like a Carthage based project so do nothing\n    echo \"IGNORING 'Carthage: Copy Platform Specific Framework' build phase\"\nfi\n";
		};
		C7FD9342AE332EDE65915B8C /* [CP] Check Pods Manifest.lock */ = {
			isa = PBXShellScriptBuildPhase;
			buildActionMask = 2147483647;
			files = (
			);
			inputFileListPaths = (
			);
			inputPaths = (
				"${PODS_PODFILE_DIR_PATH}/Podfile.lock",
				"${PODS_ROOT}/Manifest.lock",
			);
			name = "[CP] Check Pods Manifest.lock";
			outputFileListPaths = (
			);
			outputPaths = (
				"$(DERIVED_FILE_DIR)/Pods-Swift-macOS-checkManifestLockResult.txt",
			);
			runOnlyForDeploymentPostprocessing = 0;
			shellPath = /bin/sh;
			shellScript = "diff \"${PODS_PODFILE_DIR_PATH}/Podfile.lock\" \"${PODS_ROOT}/Manifest.lock\" > /dev/null\nif [ $? != 0 ] ; then\n    # print error to STDERR\n    echo \"error: The sandbox is not in sync with the Podfile.lock. Run 'pod install' or update your CocoaPods installation.\" >&2\n    exit 1\nfi\n# This output is used by Xcode 'outputs' to avoid re-running this script phase.\necho \"SUCCESS\" > \"${SCRIPT_OUTPUT_FILE_0}\"\n";
			showEnvVarsInLog = 0;
		};
		F9A04DBFDFB4EEA8230D01E3 /* [CP] Embed Pods Frameworks */ = {
			isa = PBXShellScriptBuildPhase;
			buildActionMask = 2147483647;
			files = (
			);
			inputPaths = (
				"${PODS_ROOT}/Target Support Files/Pods-Swift-macOS/Pods-Swift-macOS-frameworks.sh",
				"${BUILT_PRODUCTS_DIR}/PusherSwift-macOS/PusherSwift.framework",
				"${BUILT_PRODUCTS_DIR}/ReachabilitySwift-macOS/Reachability.framework",
				"${BUILT_PRODUCTS_DIR}/Sodium-macOS/Sodium.framework",
				"${BUILT_PRODUCTS_DIR}/Starscream-macOS/Starscream.framework",
			);
			name = "[CP] Embed Pods Frameworks";
			outputPaths = (
				"${TARGET_BUILD_DIR}/${FRAMEWORKS_FOLDER_PATH}/PusherSwift.framework",
				"${TARGET_BUILD_DIR}/${FRAMEWORKS_FOLDER_PATH}/Reachability.framework",
				"${TARGET_BUILD_DIR}/${FRAMEWORKS_FOLDER_PATH}/Sodium.framework",
				"${TARGET_BUILD_DIR}/${FRAMEWORKS_FOLDER_PATH}/Starscream.framework",
			);
			runOnlyForDeploymentPostprocessing = 0;
			shellPath = /bin/sh;
			shellScript = "\"${PODS_ROOT}/Target Support Files/Pods-Swift-macOS/Pods-Swift-macOS-frameworks.sh\"\n";
			showEnvVarsInLog = 0;
		};
/* End PBXShellScriptBuildPhase section */

/* Begin PBXSourcesBuildPhase section */
		33831C5A1A9CEEE900B124F1 /* Sources */ = {
			isa = PBXSourcesBuildPhase;
			buildActionMask = 2147483647;
			files = (
				7306CD5B24324C620077C9E6 /* AppDelegate.swift in Sources */,
				7306CD5C24324C620077C9E6 /* ViewController+Extensions.swift in Sources */,
				7306CD5924324C620077C9E6 /* ViewController.swift in Sources */,
			);
			runOnlyForDeploymentPostprocessing = 0;
		};
		7306CD6F24324EB30077C9E6 /* Sources */ = {
			isa = PBXSourcesBuildPhase;
			buildActionMask = 2147483647;
			files = (
				7306CD8524324EDC0077C9E6 /* AppDelegate.swift in Sources */,
				7306CD8624324EDF0077C9E6 /* ViewController+Extensions.swift in Sources */,
				7306CD8324324EDC0077C9E6 /* ViewController.swift in Sources */,
			);
			runOnlyForDeploymentPostprocessing = 0;
		};
/* End PBXSourcesBuildPhase section */

/* Begin XCBuildConfiguration section */
		33831C7B1A9CEEEA00B124F1 /* Debug */ = {
			isa = XCBuildConfiguration;
			baseConfigurationReference = 7344F5432433361800B7DBE2 /* config.xcconfig */;
			buildSettings = {
				ALWAYS_SEARCH_USER_PATHS = NO;
				CLANG_CXX_LANGUAGE_STANDARD = "gnu++0x";
				CLANG_CXX_LIBRARY = "libc++";
				CLANG_ENABLE_MODULES = YES;
				CLANG_ENABLE_OBJC_ARC = YES;
				CLANG_WARN_BLOCK_CAPTURE_AUTORELEASING = YES;
				CLANG_WARN_BOOL_CONVERSION = YES;
				CLANG_WARN_COMMA = YES;
				CLANG_WARN_CONSTANT_CONVERSION = YES;
				CLANG_WARN_DEPRECATED_OBJC_IMPLEMENTATIONS = YES;
				CLANG_WARN_DIRECT_OBJC_ISA_USAGE = YES_ERROR;
				CLANG_WARN_EMPTY_BODY = YES;
				CLANG_WARN_ENUM_CONVERSION = YES;
				CLANG_WARN_INFINITE_RECURSION = YES;
				CLANG_WARN_INT_CONVERSION = YES;
				CLANG_WARN_NON_LITERAL_NULL_CONVERSION = YES;
				CLANG_WARN_OBJC_IMPLICIT_RETAIN_SELF = YES;
				CLANG_WARN_OBJC_LITERAL_CONVERSION = YES;
				CLANG_WARN_OBJC_ROOT_CLASS = YES_ERROR;
				CLANG_WARN_RANGE_LOOP_ANALYSIS = YES;
				CLANG_WARN_STRICT_PROTOTYPES = YES;
				CLANG_WARN_SUSPICIOUS_MOVE = YES;
				CLANG_WARN_UNREACHABLE_CODE = YES;
				CLANG_WARN__DUPLICATE_METHOD_MATCH = YES;
				"CODE_SIGN_IDENTITY[sdk=iphoneos*]" = "iPhone Developer";
				COPY_PHASE_STRIP = NO;
				DEBUG_INFORMATION_FORMAT = dwarf;
				ENABLE_STRICT_OBJC_MSGSEND = YES;
				ENABLE_TESTABILITY = YES;
				GCC_C_LANGUAGE_STANDARD = gnu99;
				GCC_DYNAMIC_NO_PIC = NO;
				GCC_NO_COMMON_BLOCKS = YES;
				GCC_OPTIMIZATION_LEVEL = 0;
				GCC_PREPROCESSOR_DEFINITIONS = (
					"DEBUG=1",
					"$(inherited)",
				);
				GCC_SYMBOLS_PRIVATE_EXTERN = NO;
				GCC_WARN_64_TO_32_BIT_CONVERSION = YES;
				GCC_WARN_ABOUT_RETURN_TYPE = YES_ERROR;
				GCC_WARN_UNDECLARED_SELECTOR = YES;
				GCC_WARN_UNINITIALIZED_AUTOS = YES_AGGRESSIVE;
				GCC_WARN_UNUSED_FUNCTION = YES;
				GCC_WARN_UNUSED_VARIABLE = YES;
				MTL_ENABLE_DEBUG_INFO = YES;
				ONLY_ACTIVE_ARCH = YES;
				PRODUCT_BUNDLE_IDENTIFIER = "com.pusher.$TARGET_NAME";
				SDKROOT = iphoneos;
				SWIFT_OPTIMIZATION_LEVEL = "-Onone";
				TARGETED_DEVICE_FAMILY = "1,2";
			};
			name = Debug;
		};
		33831C7C1A9CEEEA00B124F1 /* Release */ = {
			isa = XCBuildConfiguration;
			baseConfigurationReference = 7344F5432433361800B7DBE2 /* config.xcconfig */;
			buildSettings = {
				ALWAYS_SEARCH_USER_PATHS = NO;
				CLANG_CXX_LANGUAGE_STANDARD = "gnu++0x";
				CLANG_CXX_LIBRARY = "libc++";
				CLANG_ENABLE_MODULES = YES;
				CLANG_ENABLE_OBJC_ARC = YES;
				CLANG_WARN_BLOCK_CAPTURE_AUTORELEASING = YES;
				CLANG_WARN_BOOL_CONVERSION = YES;
				CLANG_WARN_COMMA = YES;
				CLANG_WARN_CONSTANT_CONVERSION = YES;
				CLANG_WARN_DEPRECATED_OBJC_IMPLEMENTATIONS = YES;
				CLANG_WARN_DIRECT_OBJC_ISA_USAGE = YES_ERROR;
				CLANG_WARN_EMPTY_BODY = YES;
				CLANG_WARN_ENUM_CONVERSION = YES;
				CLANG_WARN_INFINITE_RECURSION = YES;
				CLANG_WARN_INT_CONVERSION = YES;
				CLANG_WARN_NON_LITERAL_NULL_CONVERSION = YES;
				CLANG_WARN_OBJC_IMPLICIT_RETAIN_SELF = YES;
				CLANG_WARN_OBJC_LITERAL_CONVERSION = YES;
				CLANG_WARN_OBJC_ROOT_CLASS = YES_ERROR;
				CLANG_WARN_RANGE_LOOP_ANALYSIS = YES;
				CLANG_WARN_STRICT_PROTOTYPES = YES;
				CLANG_WARN_SUSPICIOUS_MOVE = YES;
				CLANG_WARN_UNREACHABLE_CODE = YES;
				CLANG_WARN__DUPLICATE_METHOD_MATCH = YES;
				"CODE_SIGN_IDENTITY[sdk=iphoneos*]" = "iPhone Developer";
				COPY_PHASE_STRIP = NO;
				DEBUG_INFORMATION_FORMAT = "dwarf-with-dsym";
				ENABLE_NS_ASSERTIONS = NO;
				ENABLE_STRICT_OBJC_MSGSEND = YES;
				GCC_C_LANGUAGE_STANDARD = gnu99;
				GCC_NO_COMMON_BLOCKS = YES;
				GCC_WARN_64_TO_32_BIT_CONVERSION = YES;
				GCC_WARN_ABOUT_RETURN_TYPE = YES_ERROR;
				GCC_WARN_UNDECLARED_SELECTOR = YES;
				GCC_WARN_UNINITIALIZED_AUTOS = YES_AGGRESSIVE;
				GCC_WARN_UNUSED_FUNCTION = YES;
				GCC_WARN_UNUSED_VARIABLE = YES;
				MTL_ENABLE_DEBUG_INFO = NO;
				PRODUCT_BUNDLE_IDENTIFIER = "com.pusher.$TARGET_NAME";
				SDKROOT = iphoneos;
				TARGETED_DEVICE_FAMILY = "1,2";
				VALIDATE_PRODUCT = YES;
			};
			name = Release;
		};
		33831C7E1A9CEEEA00B124F1 /* Debug */ = {
			isa = XCBuildConfiguration;
			baseConfigurationReference = 5FAC57A9D377363E98F05AFA /* Pods-Swift-iOS.debug.xcconfig */;
			buildSettings = {
				ASSETCATALOG_COMPILER_APPICON_NAME = AppIcon;
				CLANG_ENABLE_MODULES = YES;
				CODE_SIGN_IDENTITY = "iPhone Developer";
				"CODE_SIGN_IDENTITY[sdk=iphoneos*]" = "iPhone Developer";
				DEVELOPMENT_TEAM = H7FL434D9W;
				INFOPLIST_FILE = ../Shared/iOS/Info.plist;
				LD_RUNPATH_SEARCH_PATHS = "$(inherited) @executable_path/Frameworks";
				PRODUCT_NAME = "$(TARGET_NAME)";
				PROVISIONING_PROFILE = "";
				SWIFT_OPTIMIZATION_LEVEL = "-Onone";
			};
			name = Debug;
		};
		33831C7F1A9CEEEA00B124F1 /* Release */ = {
			isa = XCBuildConfiguration;
			baseConfigurationReference = 3E02AE01D2D3CAD26E8AA805 /* Pods-Swift-iOS.release.xcconfig */;
			buildSettings = {
				ASSETCATALOG_COMPILER_APPICON_NAME = AppIcon;
				CLANG_ENABLE_MODULES = YES;
				CODE_SIGN_IDENTITY = "iPhone Developer";
				"CODE_SIGN_IDENTITY[sdk=iphoneos*]" = "iPhone Developer";
				DEVELOPMENT_TEAM = H7FL434D9W;
				GCC_OPTIMIZATION_LEVEL = s;
				INFOPLIST_FILE = ../Shared/iOS/Info.plist;
				LD_RUNPATH_SEARCH_PATHS = "$(inherited) @executable_path/Frameworks";
				PRODUCT_NAME = "$(TARGET_NAME)";
				PROVISIONING_PROFILE = "";
				SWIFT_OPTIMIZATION_LEVEL = "-Owholemodule";
			};
			name = Release;
		};
		7306CD8124324EB50077C9E6 /* Debug */ = {
			isa = XCBuildConfiguration;
			baseConfigurationReference = 78108B8D8C27F29260559750 /* Pods-Swift-macOS.debug.xcconfig */;
			buildSettings = {
				ASSETCATALOG_COMPILER_APPICON_NAME = AppIcon;
				CLANG_ANALYZER_NONNULL = YES;
				CLANG_ANALYZER_NUMBER_OBJECT_CONVERSION = YES_AGGRESSIVE;
				CLANG_CXX_LANGUAGE_STANDARD = "gnu++14";
				CLANG_ENABLE_OBJC_WEAK = YES;
				CLANG_WARN_DOCUMENTATION_COMMENTS = YES;
				CLANG_WARN_UNGUARDED_AVAILABILITY = YES_AGGRESSIVE;
				CODE_SIGN_STYLE = Automatic;
				COMBINE_HIDPI_IMAGES = YES;
				GCC_C_LANGUAGE_STANDARD = gnu11;
				INFOPLIST_FILE = ../Shared/macOS/Info.plist;
				LD_RUNPATH_SEARCH_PATHS = "$(inherited) @executable_path/../Frameworks";
				MTL_ENABLE_DEBUG_INFO = INCLUDE_SOURCE;
				MTL_FAST_MATH = YES;
				PRODUCT_NAME = "$(TARGET_NAME)";
				SDKROOT = macosx;
				SWIFT_ACTIVE_COMPILATION_CONDITIONS = DEBUG;
			};
			name = Debug;
		};
		7306CD8224324EB50077C9E6 /* Release */ = {
			isa = XCBuildConfiguration;
			baseConfigurationReference = 15B547EDED4D81C90337D6A8 /* Pods-Swift-macOS.release.xcconfig */;
			buildSettings = {
				ASSETCATALOG_COMPILER_APPICON_NAME = AppIcon;
				CLANG_ANALYZER_NONNULL = YES;
				CLANG_ANALYZER_NUMBER_OBJECT_CONVERSION = YES_AGGRESSIVE;
				CLANG_CXX_LANGUAGE_STANDARD = "gnu++14";
				CLANG_ENABLE_OBJC_WEAK = YES;
				CLANG_WARN_DOCUMENTATION_COMMENTS = YES;
				CLANG_WARN_UNGUARDED_AVAILABILITY = YES_AGGRESSIVE;
				CODE_SIGN_STYLE = Automatic;
				COMBINE_HIDPI_IMAGES = YES;
				GCC_C_LANGUAGE_STANDARD = gnu11;
				INFOPLIST_FILE = ../Shared/macOS/Info.plist;
				LD_RUNPATH_SEARCH_PATHS = "$(inherited) @executable_path/../Frameworks";
				MTL_FAST_MATH = YES;
				PRODUCT_NAME = "$(TARGET_NAME)";
				SDKROOT = macosx;
				SWIFT_OPTIMIZATION_LEVEL = "-Owholemodule";
			};
			name = Release;
		};
/* End XCBuildConfiguration section */

/* Begin XCConfigurationList section */
		33831C591A9CEEE900B124F1 /* Build configuration list for PBXProject "Swift" */ = {
			isa = XCConfigurationList;
			buildConfigurations = (
				33831C7B1A9CEEEA00B124F1 /* Debug */,
				33831C7C1A9CEEEA00B124F1 /* Release */,
			);
			defaultConfigurationIsVisible = 0;
			defaultConfigurationName = Release;
		};
		33831C7D1A9CEEEA00B124F1 /* Build configuration list for PBXNativeTarget "Swift-iOS" */ = {
			isa = XCConfigurationList;
			buildConfigurations = (
				33831C7E1A9CEEEA00B124F1 /* Debug */,
				33831C7F1A9CEEEA00B124F1 /* Release */,
			);
			defaultConfigurationIsVisible = 0;
			defaultConfigurationName = Release;
		};
		7306CD8024324EB50077C9E6 /* Build configuration list for PBXNativeTarget "Swift-macOS" */ = {
			isa = XCConfigurationList;
			buildConfigurations = (
				7306CD8124324EB50077C9E6 /* Debug */,
				7306CD8224324EB50077C9E6 /* Release */,
			);
			defaultConfigurationIsVisible = 0;
			defaultConfigurationName = Release;
		};
/* End XCConfigurationList section */
	};
	rootObject = 33831C561A9CEEE900B124F1 /* Project object */;
}
